<?xml version="1.0" encoding="utf-8"?>
<Project ToolsVersion="4.0" xmlns="http://schemas.microsoft.com/developer/msbuild/2003">
  <ItemGroup>
    <Filter Include="Source Files">
      <UniqueIdentifier>{4FC737F1-C7A5-4376-A066-2A32D752A2FF}</UniqueIdentifier>
      <Extensions>cpp;c;cc;cxx;def;odl;idl;hpj;bat;asm;asmx</Extensions>
    </Filter>
    <Filter Include="Header Files">
      <UniqueIdentifier>{93995380-89BD-4b04-88EB-625FBE52EBFB}</UniqueIdentifier>
      <Extensions>h;hh;hpp;hxx;hm;inl;inc;xsd</Extensions>
    </Filter>
    <Filter Include="Resource Files">
      <UniqueIdentifier>{67DA6AB6-F800-4c08-8B7A-83BB121AAD01}</UniqueIdentifier>
      <Extensions>rc;ico;cur;bmp;dlg;rc2;rct;bin;rgs;gif;jpg;jpeg;jpe;resx;tiff;tif;png;wav;mfcribbon-ms</Extensions>
    </Filter>
    <Filter Include="Source Files\world">
      <UniqueIdentifier>{3ce9e3ca-243d-4d4f-9c05-caec33c4791c}</UniqueIdentifier>
    </Filter>
    <Filter Include="Source Files\weapon">
      <UniqueIdentifier>{4ddf4c65-d16d-445a-ac3e-a536badd715c}</UniqueIdentifier>
    </Filter>
    <Filter Include="Source Files\enemy">
      <UniqueIdentifier>{af8e9e2e-5536-47b6-a5d6-b14a7c12a7a3}</UniqueIdentifier>
    </Filter>
    <Filter Include="Source Files\player">
      <UniqueIdentifier>{e054142b-46f6-402d-9fe7-8823e7499df8}</UniqueIdentifier>
    </Filter>
    <Filter Include="Source Files\bullet">
      <UniqueIdentifier>{c7bcdf7d-cfb7-4821-b069-4c17e2df673f}</UniqueIdentifier>
    </Filter>
    <Filter Include="Source Files\bonuses">
      <UniqueIdentifier>{6051f11c-bfef-4829-98c1-8f3c7c9ef19d}</UniqueIdentifier>
    </Filter>
    <Filter Include="Source Files\interface">
      <UniqueIdentifier>{903a3227-1696-4bac-b632-c2b2b8478428}</UniqueIdentifier>
    </Filter>
    <Filter Include="Source Files\application">
      <UniqueIdentifier>{38c0bb44-cee0-42ee-b565-d35896c0e5c6}</UniqueIdentifier>
    </Filter>
    <Filter Include="TinyXML">
      <UniqueIdentifier>{8d4357ed-9d17-48e4-9613-7b3dd67fa7c6}</UniqueIdentifier>
    </Filter>
    <Filter Include="Header Files\world">
      <UniqueIdentifier>{03da9ee6-12b2-4577-81f3-79bdbeb76994}</UniqueIdentifier>
    </Filter>
    <Filter Include="Header Files\player">
      <UniqueIdentifier>{8d61b83c-3f70-41c4-bca0-1b187b3536fb}</UniqueIdentifier>
    </Filter>
    <Filter Include="Header Files\enemy">
      <UniqueIdentifier>{169f6123-6569-4c99-83c1-92a022c5a0a1}</UniqueIdentifier>
    </Filter>
    <Filter Include="Header Files\bullet">
      <UniqueIdentifier>{5164fcb1-86d8-462a-91d3-af4c40e8cd79}</UniqueIdentifier>
    </Filter>
    <Filter Include="Header Files\bonuses">
      <UniqueIdentifier>{4c9a4469-2f0d-40fb-8bb7-050e2d70503b}</UniqueIdentifier>
    </Filter>
    <Filter Include="Header Files\application">
      <UniqueIdentifier>{02613dae-ac40-47db-aa11-66a0781b17ca}</UniqueIdentifier>
    </Filter>
    <Filter Include="Header Files\interface">
      <UniqueIdentifier>{392dbb94-09d2-4c6e-9bb2-e859f1006bb7}</UniqueIdentifier>
    </Filter>
    <Filter Include="Header Files\weapon">
      <UniqueIdentifier>{6989e4c4-056c-46b3-800e-6e0c19e07d50}</UniqueIdentifier>
    </Filter>
    <Filter Include="Source Files\interface\lifebar">
      <UniqueIdentifier>{7227951a-81d1-414f-8e90-e5a24b85888a}</UniqueIdentifier>
    </Filter>
    <Filter Include="Header Files\interface\lifebar">
      <UniqueIdentifier>{fb6aab8f-4c97-429f-be03-240c5e8ee131}</UniqueIdentifier>
    </Filter>
    <Filter Include="Header Files\interface\menu">
      <UniqueIdentifier>{e8ec7ae0-251d-4ccf-b361-fa83cbfcbbe8}</UniqueIdentifier>
    </Filter>
    <Filter Include="Source Files\interface\menu">
      <UniqueIdentifier>{cc8b7b56-6f5e-41ad-ba6b-c9f5e6d5d1e6}</UniqueIdentifier>
    </Filter>
    <Filter Include="Header Files\mission">
      <UniqueIdentifier>{a91e773f-f6fb-4a03-b083-62d476e051c0}</UniqueIdentifier>
    </Filter>
    <Filter Include="Header Files\addAnimation">
      <UniqueIdentifier>{4ff21451-54f7-4a9f-84d4-75e596d5750a}</UniqueIdentifier>
    </Filter>
    <Filter Include="Source Files\addAnimation">
      <UniqueIdentifier>{f4ad858e-9abe-41be-9ae3-42e7e89413cf}</UniqueIdentifier>
    </Filter>
  </ItemGroup>
  <ItemGroup>
    <ClCompile Include="main.cpp">
      <Filter>Source Files</Filter>
    </ClCompile>
    <ClCompile Include="entity.cpp">
      <Filter>Source Files</Filter>
    </ClCompile>
    <ClCompile Include="TinyXML\tinystr.cpp">
      <Filter>TinyXML</Filter>
    </ClCompile>
    <ClCompile Include="TinyXML\tinyxml.cpp">
      <Filter>TinyXML</Filter>
    </ClCompile>
    <ClCompile Include="TinyXML\tinyxmlerror.cpp">
      <Filter>TinyXML</Filter>
    </ClCompile>
    <ClCompile Include="TinyXML\tinyxmlparser.cpp">
      <Filter>TinyXML</Filter>
    </ClCompile>
    <ClCompile Include="world.cpp">
      <Filter>Source Files\world</Filter>
    </ClCompile>
    <ClCompile Include="world_Init.cpp">
      <Filter>Source Files\world</Filter>
    </ClCompile>
    <ClCompile Include="world_events.cpp">
      <Filter>Source Files\world</Filter>
    </ClCompile>
    <ClCompile Include="world_draw.cpp">
      <Filter>Source Files\world</Filter>
    </ClCompile>
    <ClCompile Include="world_update.cpp">
      <Filter>Source Files\world</Filter>
    </ClCompile>
    <ClCompile Include="weapon_update.cpp">
      <Filter>Source Files\weapon</Filter>
    </ClCompile>
    <ClCompile Include="weapon_init.cpp">
      <Filter>Source Files\weapon</Filter>
    </ClCompile>
    <ClCompile Include="enemy_init.cpp">
      <Filter>Source Files\enemy</Filter>
    </ClCompile>
    <ClCompile Include="enemy_update.cpp">
      <Filter>Source Files\enemy</Filter>
    </ClCompile>
    <ClCompile Include="enemy_graphic.cpp">
      <Filter>Source Files\enemy</Filter>
    </ClCompile>
    <ClCompile Include="enemy_logic.cpp">
      <Filter>Source Files\enemy</Filter>
    </ClCompile>
    <ClCompile Include="player_graphic.cpp">
      <Filter>Source Files\player</Filter>
    </ClCompile>
    <ClCompile Include="player_logic.cpp">
      <Filter>Source Files\player</Filter>
    </ClCompile>
    <ClCompile Include="player_update.cpp">
      <Filter>Source Files\player</Filter>
    </ClCompile>
    <ClCompile Include="bullet_init.cpp">
      <Filter>Source Files\bullet</Filter>
    </ClCompile>
    <ClCompile Include="bullet_update.cpp">
      <Filter>Source Files\bullet</Filter>
    </ClCompile>
    <ClCompile Include="bonuses_init.cpp">
      <Filter>Source Files\bonuses</Filter>
    </ClCompile>
    <ClCompile Include="bonuses_update.cpp">
      <Filter>Source Files\bonuses</Filter>
    </ClCompile>
    <ClCompile Include="application_events.cpp">
      <Filter>Source Files\application</Filter>
    </ClCompile>
    <ClCompile Include="application_update_render.cpp">
      <Filter>Source Files\application</Filter>
    </ClCompile>
    <ClCompile Include="application_init.cpp">
      <Filter>Source Files\application</Filter>
    </ClCompile>
    <ClCompile Include="lifebar_init.cpp">
      <Filter>Source Files\interface\lifebar</Filter>
    </ClCompile>
    <ClCompile Include="lifebar_update_draw.cpp">
      <Filter>Source Files\interface\lifebar</Filter>
    </ClCompile>
    <ClCompile Include="weapon_graphic.cpp">
      <Filter>Source Files\weapon</Filter>
    </ClCompile>
    <ClCompile Include="menu.cpp">
      <Filter>Source Files\interface\menu</Filter>
    </ClCompile>
    <ClCompile Include="player_init.cpp">
      <Filter>Source Files\player</Filter>
    </ClCompile>
    <ClCompile Include="addAnimInit.cpp">
      <Filter>Source Files\addAnimation</Filter>
    </ClCompile>
    <ClCompile Include="addAnimUpdate.cpp">
      <Filter>Source Files\addAnimation</Filter>
    </ClCompile>
    <ClCompile Include="addAnimAction.cpp">
      <Filter>Source Files\addAnimation</Filter>
    </ClCompile>
    <ClCompile Include="interface.cpp">
      <Filter>Source Files\interface</Filter>
    </ClCompile>
    <ClCompile Include="interface_text.cpp">
      <Filter>Source Files\interface</Filter>
    </ClCompile>
  </ItemGroup>
  <ItemGroup>
    <ClInclude Include="resource.h">
      <Filter>Header Files</Filter>
    </ClInclude>
    <ClInclude Include="level.h">
      <Filter>Header Files</Filter>
    </ClInclude>
    <ClInclude Include="entity.h">
      <Filter>Header Files</Filter>
    </ClInclude>
    <ClInclude Include="TinyXML\tinystr.h">
      <Filter>TinyXML</Filter>
    </ClInclude>
    <ClInclude Include="TinyXML\tinyxml.h">
      <Filter>TinyXML</Filter>
    </ClInclude>
    <ClInclude Include="world.h">
      <Filter>Header Files\world</Filter>
    </ClInclude>
    <ClInclude Include="world_init.h">
      <Filter>Header Files\world</Filter>
    </ClInclude>
    <ClInclude Include="player_init.h">
      <Filter>Header Files\player</Filter>
    </ClInclude>
    <ClInclude Include="player.h">
      <Filter>Header Files\player</Filter>
    </ClInclude>
    <ClInclude Include="enemy.h">
      <Filter>Header Files\enemy</Filter>
    </ClInclude>
    <ClInclude Include="bullet.h">
      <Filter>Header Files\bullet</Filter>
    </ClInclude>
    <ClInclude Include="bonuses.h">
      <Filter>Header Files\bonuses</Filter>
    </ClInclude>
    <ClInclude Include="application.h">
      <Filter>Header Files\application</Filter>
    </ClInclude>
    <ClInclude Include="interface.h">
      <Filter>Header Files\interface</Filter>
    </ClInclude>
    <ClInclude Include="weapon.h">
      <Filter>Header Files\weapon</Filter>
    </ClInclude>
    <ClInclude Include="lifebar.h">
      <Filter>Header Files\interface\lifebar</Filter>
    </ClInclude>
    <ClInclude Include="menu.h">
      <Filter>Header Files\interface\menu</Filter>
    </ClInclude>
    <ClInclude Include="additAnimation.h">
      <Filter>Header Files\addAnimation</Filter>
    </ClInclude>
    <ClInclude Include="interface_text.h">
      <Filter>Header Files\interface</Filter>
    </ClInclude>
  </ItemGroup>
</Project>